
Microsoft Visual Studio Solution File, Format Version 12.00
# Visual Studio Version 17
VisualStudioVersion = 17.8.34330.188
MinimumVisualStudioVersion = 10.0.40219.1
Project("{FAE04EC0-301F-11D3-BF4B-00C04F79EFBC}") = "JsonToXML", "JsonToXML.csproj", "{0DAD73EA-4EA8-4A2B-B8C0-1F3745E39EA5}"
EndProject
Global
	GlobalSection(SolutionConfigurationPlatforms) = preSolution
		Debug|Any CPU = Debug|Any CPU
		Release|Any CPU = Release|Any CPU
	EndGlobalSection
	GlobalSection(ProjectConfigurationPlatforms) = postSolution
		{0DAD73EA-4EA8-4A2B-B8C0-1F3745E39EA5}.Debug|Any CPU.ActiveCfg = Debug|Any CPU
		{0DAD73EA-4EA8-4A2B-B8C0-1F3745E39EA5}.Debug|Any CPU.Build.0 = Debug|Any CPU
		{0DAD73EA-4EA8-4A2B-B8C0-1F3745E39EA5}.Release|Any CPU.ActiveCfg = Release|Any CPU
		{0DAD73EA-4EA8-4A2B-B8C0-1F3745E39EA5}.Release|Any CPU.Build.0 = Release|Any CPU
	EndGlobalSection
	GlobalSection(SolutionProperties) = preSolution
		HideSolutionNode = FALSE
	EndGlobalSection
	GlobalSection(ExtensibilityGlobals) = postSolution
		SolutionGuid = {73C1D322-4D93-4073-B662-600501BBC783}
	EndGlobalSection
EndGlobal
